// !$*UTF8*$!
{
	archiveVersion = 1;
	classes = {
	};
	objectVersion = 50;
	objects = {

/* Begin PBXBuildFile section */
		1C685EE4B59A750EA8DF830B /* Pods_Toronto311.framework in Frameworks */ = {isa = PBXBuildFile; fileRef = 980C343EB391F94712ABD384 /* Pods_Toronto311.framework */; };
		4C077C0A218F4B7100C8AFD7 /* MKMap.swift in Sources */ = {isa = PBXBuildFile; fileRef = 4C077C09218F4B7100C8AFD7 /* MKMap.swift */; };
		4C077C0C218F573D00C8AFD7 /* MKPolygon.swift in Sources */ = {isa = PBXBuildFile; fileRef = 4C077C0B218F573D00C8AFD7 /* MKPolygon.swift */; };
		4C28C337218D31AF00542A3B /* SWXMLHash.framework in Frameworks */ = {isa = PBXBuildFile; fileRef = 4C28C336218D31AF00542A3B /* SWXMLHash.framework */; };
		4C28C339218D3D0A00542A3B /* Podfile in Resources */ = {isa = PBXBuildFile; fileRef = 4C28C338218D3D0A00542A3B /* Podfile */; };
		4C28C33B218E9D1C00542A3B /* MKPolyLine.swift in Sources */ = {isa = PBXBuildFile; fileRef = 4C28C33A218E9D1C00542A3B /* MKPolyLine.swift */; };
		4C28C33D218EA1CB00542A3B /* Ward.swift in Sources */ = {isa = PBXBuildFile; fileRef = 4C28C33C218EA1CB00542A3B /* Ward.swift */; };
		4C4F80A32189603A00EBD4DE /* ServiceType.swift in Sources */ = {isa = PBXBuildFile; fileRef = 4C4F80A22189603A00EBD4DE /* ServiceType.swift */; };
		4C7DC4FA2186A13400F72BDC /* AppDelegate.swift in Sources */ = {isa = PBXBuildFile; fileRef = 4C7DC4F92186A13400F72BDC /* AppDelegate.swift */; };
		4C7DC4FC2186A13400F72BDC /* ViewController.swift in Sources */ = {isa = PBXBuildFile; fileRef = 4C7DC4FB2186A13400F72BDC /* ViewController.swift */; };
		4C7DC4FF2186A13400F72BDC /* Main.storyboard in Resources */ = {isa = PBXBuildFile; fileRef = 4C7DC4FD2186A13400F72BDC /* Main.storyboard */; };
		4C7DC5012186A13400F72BDC /* Assets.xcassets in Resources */ = {isa = PBXBuildFile; fileRef = 4C7DC5002186A13400F72BDC /* Assets.xcassets */; };
		4C7DC5042186A13400F72BDC /* LaunchScreen.storyboard in Resources */ = {isa = PBXBuildFile; fileRef = 4C7DC5022186A13400F72BDC /* LaunchScreen.storyboard */; };
		4C7DC50C2186A16200F72BDC /* API.swift in Sources */ = {isa = PBXBuildFile; fileRef = 4C7DC50B2186A16200F72BDC /* API.swift */; };
		4C7DC50F2186B60B00F72BDC /* Dictionary.swift in Sources */ = {isa = PBXBuildFile; fileRef = 4C7DC50E2186B60B00F72BDC /* Dictionary.swift */; };
		4C7DC5112187DE6A00F72BDC /* FireStation.swift in Sources */ = {isa = PBXBuildFile; fileRef = 4C7DC5102187DE6A00F72BDC /* FireStation.swift */; };
		4C7DC5132187E04700F72BDC /* DataImporter.swift in Sources */ = {isa = PBXBuildFile; fileRef = 4C7DC5122187E04700F72BDC /* DataImporter.swift */; };
		4C7DC5152187F85A00F72BDC /* ServiceRequest.swift in Sources */ = {isa = PBXBuildFile; fileRef = 4C7DC5142187F85A00F72BDC /* ServiceRequest.swift */; };
		4C7DC51721880D5300F72BDC /* ServiceCodes.swift in Sources */ = {isa = PBXBuildFile; fileRef = 4C7DC51621880D5300F72BDC /* ServiceCodes.swift */; };
		4C80AE272192A198006DF2D6 /* Model.xcdatamodeld in Sources */ = {isa = PBXBuildFile; fileRef = 4C80AE252192A198006DF2D6 /* Model.xcdatamodeld */; };
		4C80AE292192A521006DF2D6 /* DataController.swift in Sources */ = {isa = PBXBuildFile; fileRef = 4C80AE282192A521006DF2D6 /* DataController.swift */; };
		4CBD6C7F218A90D2005E6FE6 /* .gitignore in Resources */ = {isa = PBXBuildFile; fileRef = 4CBD6C7E218A90D2005E6FE6 /* .gitignore */; };
		4CBD6C8D218AA19D005E6FE6 /* Cartfile in Resources */ = {isa = PBXBuildFile; fileRef = 4CBD6C8C218AA19D005E6FE6 /* Cartfile */; };
		4CBD6C91218AA254005E6FE6 /* .swiftlint.yml in Resources */ = {isa = PBXBuildFile; fileRef = 4CBD6C90218AA254005E6FE6 /* .swiftlint.yml */; };
		4CBD6C94218AA80E005E6FE6 /* CLLocation.swift in Sources */ = {isa = PBXBuildFile; fileRef = 4CBD6C93218AA80E005E6FE6 /* CLLocation.swift */; };
/* End PBXBuildFile section */

/* Begin PBXFileReference section */
		4C077C09218F4B7100C8AFD7 /* MKMap.swift */ = {isa = PBXFileReference; lastKnownFileType = sourcecode.swift; path = MKMap.swift; sourceTree = "<group>"; };
		4C077C0B218F573D00C8AFD7 /* MKPolygon.swift */ = {isa = PBXFileReference; lastKnownFileType = sourcecode.swift; path = MKPolygon.swift; sourceTree = "<group>"; };
		4C28C336218D31AF00542A3B /* SWXMLHash.framework */ = {isa = PBXFileReference; lastKnownFileType = wrapper.framework; name = SWXMLHash.framework; path = Carthage/Build/iOS/SWXMLHash.framework; sourceTree = "<group>"; };
		4C28C338218D3D0A00542A3B /* Podfile */ = {isa = PBXFileReference; fileEncoding = 4; lastKnownFileType = text; path = Podfile; sourceTree = SOURCE_ROOT; xcLanguageSpecificationIdentifier = xcode.lang.ruby; };
		4C28C33A218E9D1C00542A3B /* MKPolyLine.swift */ = {isa = PBXFileReference; lastKnownFileType = sourcecode.swift; path = MKPolyLine.swift; sourceTree = "<group>"; };
		4C28C33C218EA1CB00542A3B /* Ward.swift */ = {isa = PBXFileReference; lastKnownFileType = sourcecode.swift; path = Ward.swift; sourceTree = "<group>"; };
		4C4F80A22189603A00EBD4DE /* ServiceType.swift */ = {isa = PBXFileReference; lastKnownFileType = sourcecode.swift; path = ServiceType.swift; sourceTree = "<group>"; };
		4C7DC4F62186A13400F72BDC /* Toronto311.app */ = {isa = PBXFileReference; explicitFileType = wrapper.application; includeInIndex = 0; path = Toronto311.app; sourceTree = BUILT_PRODUCTS_DIR; };
		4C7DC4F92186A13400F72BDC /* AppDelegate.swift */ = {isa = PBXFileReference; lastKnownFileType = sourcecode.swift; path = AppDelegate.swift; sourceTree = "<group>"; };
		4C7DC4FB2186A13400F72BDC /* ViewController.swift */ = {isa = PBXFileReference; lastKnownFileType = sourcecode.swift; path = ViewController.swift; sourceTree = "<group>"; };
		4C7DC4FE2186A13400F72BDC /* Base */ = {isa = PBXFileReference; lastKnownFileType = file.storyboard; name = Base; path = Base.lproj/Main.storyboard; sourceTree = "<group>"; };
		4C7DC5002186A13400F72BDC /* Assets.xcassets */ = {isa = PBXFileReference; lastKnownFileType = folder.assetcatalog; path = Assets.xcassets; sourceTree = "<group>"; };
		4C7DC5032186A13400F72BDC /* Base */ = {isa = PBXFileReference; lastKnownFileType = file.storyboard; name = Base; path = Base.lproj/LaunchScreen.storyboard; sourceTree = "<group>"; };
		4C7DC5052186A13500F72BDC /* Info.plist */ = {isa = PBXFileReference; lastKnownFileType = text.plist.xml; path = Info.plist; sourceTree = "<group>"; };
		4C7DC50B2186A16200F72BDC /* API.swift */ = {isa = PBXFileReference; lastKnownFileType = sourcecode.swift; path = API.swift; sourceTree = "<group>"; };
		4C7DC50E2186B60B00F72BDC /* Dictionary.swift */ = {isa = PBXFileReference; lastKnownFileType = sourcecode.swift; path = Dictionary.swift; sourceTree = "<group>"; };
		4C7DC5102187DE6A00F72BDC /* FireStation.swift */ = {isa = PBXFileReference; lastKnownFileType = sourcecode.swift; path = FireStation.swift; sourceTree = "<group>"; };
		4C7DC5122187E04700F72BDC /* DataImporter.swift */ = {isa = PBXFileReference; lastKnownFileType = sourcecode.swift; path = DataImporter.swift; sourceTree = "<group>"; };
		4C7DC5142187F85A00F72BDC /* ServiceRequest.swift */ = {isa = PBXFileReference; lastKnownFileType = sourcecode.swift; path = ServiceRequest.swift; sourceTree = "<group>"; };
		4C7DC51621880D5300F72BDC /* ServiceCodes.swift */ = {isa = PBXFileReference; lastKnownFileType = sourcecode.swift; path = ServiceCodes.swift; sourceTree = "<group>"; };
		4C80AE262192A198006DF2D6 /* Ward.xcdatamodel */ = {isa = PBXFileReference; lastKnownFileType = wrapper.xcdatamodel; path = Ward.xcdatamodel; sourceTree = "<group>"; };
		4C80AE282192A521006DF2D6 /* DataController.swift */ = {isa = PBXFileReference; lastKnownFileType = sourcecode.swift; path = DataController.swift; sourceTree = "<group>"; };
		4CBD6C7E218A90D2005E6FE6 /* .gitignore */ = {isa = PBXFileReference; fileEncoding = 4; lastKnownFileType = text; path = .gitignore; sourceTree = SOURCE_ROOT; };
		4CBD6C8C218AA19D005E6FE6 /* Cartfile */ = {isa = PBXFileReference; fileEncoding = 4; lastKnownFileType = text; path = Cartfile; sourceTree = SOURCE_ROOT; };
		4CBD6C90218AA254005E6FE6 /* .swiftlint.yml */ = {isa = PBXFileReference; fileEncoding = 4; lastKnownFileType = text; path = .swiftlint.yml; sourceTree = SOURCE_ROOT; };
		4CBD6C93218AA80E005E6FE6 /* CLLocation.swift */ = {isa = PBXFileReference; lastKnownFileType = sourcecode.swift; path = CLLocation.swift; sourceTree = "<group>"; };
		938412E85F8F9B59B673DF17 /* Pods-Toronto311.debug.xcconfig */ = {isa = PBXFileReference; includeInIndex = 1; lastKnownFileType = text.xcconfig; name = "Pods-Toronto311.debug.xcconfig"; path = "Pods/Target Support Files/Pods-Toronto311/Pods-Toronto311.debug.xcconfig"; sourceTree = "<group>"; };
		980C343EB391F94712ABD384 /* Pods_Toronto311.framework */ = {isa = PBXFileReference; explicitFileType = wrapper.framework; includeInIndex = 0; path = Pods_Toronto311.framework; sourceTree = BUILT_PRODUCTS_DIR; };
		E9B3A5801A3E242C550F66F6 /* Pods-Toronto311.release.xcconfig */ = {isa = PBXFileReference; includeInIndex = 1; lastKnownFileType = text.xcconfig; name = "Pods-Toronto311.release.xcconfig"; path = "Pods/Target Support Files/Pods-Toronto311/Pods-Toronto311.release.xcconfig"; sourceTree = "<group>"; };
/* End PBXFileReference section */

/* Begin PBXFrameworksBuildPhase section */
		4C7DC4F32186A13400F72BDC /* Frameworks */ = {
			isa = PBXFrameworksBuildPhase;
			buildActionMask = 2147483647;
			files = (
				4C28C337218D31AF00542A3B /* SWXMLHash.framework in Frameworks */,
				1C685EE4B59A750EA8DF830B /* Pods_Toronto311.framework in Frameworks */,
			);
			runOnlyForDeploymentPostprocessing = 0;
		};
/* End PBXFrameworksBuildPhase section */

/* Begin PBXGroup section */
		217398B7DD5F1DD93D3C9F87 /* Pods */ = {
			isa = PBXGroup;
			children = (
				938412E85F8F9B59B673DF17 /* Pods-Toronto311.debug.xcconfig */,
				E9B3A5801A3E242C550F66F6 /* Pods-Toronto311.release.xcconfig */,
			);
			name = Pods;
			sourceTree = "<group>";
		};
		4C7DC4ED2186A13400F72BDC = {
			isa = PBXGroup;
			children = (
				4C7DC4F82186A13400F72BDC /* Toronto311 */,
				4C7DC4F72186A13400F72BDC /* Products */,
				4CBD6C80218A9381005E6FE6 /* Frameworks */,
				217398B7DD5F1DD93D3C9F87 /* Pods */,
			);
			sourceTree = "<group>";
		};
		4C7DC4F72186A13400F72BDC /* Products */ = {
			isa = PBXGroup;
			children = (
				4C7DC4F62186A13400F72BDC /* Toronto311.app */,
			);
			name = Products;
			sourceTree = "<group>";
		};
		4C7DC4F82186A13400F72BDC /* Toronto311 */ = {
			isa = PBXGroup;
			children = (
				4C7DC4F92186A13400F72BDC /* AppDelegate.swift */,
				4C7DC4FB2186A13400F72BDC /* ViewController.swift */,
				4C80AE282192A521006DF2D6 /* DataController.swift */,
				4C7DC5122187E04700F72BDC /* DataImporter.swift */,
				4C7DC50B2186A16200F72BDC /* API.swift */,
				4CBD6C95218AA862005E6FE6 /* Models */,
				4C7DC50D2186B5F800F72BDC /* Extensions */,
				4C7DC5002186A13400F72BDC /* Assets.xcassets */,
				4C7DC4FD2186A13400F72BDC /* Main.storyboard */,
				4C7DC5022186A13400F72BDC /* LaunchScreen.storyboard */,
				4C7DC5052186A13500F72BDC /* Info.plist */,
				4CBD6C8C218AA19D005E6FE6 /* Cartfile */,
				4C28C338218D3D0A00542A3B /* Podfile */,
				4CBD6C7E218A90D2005E6FE6 /* .gitignore */,
				4CBD6C90218AA254005E6FE6 /* .swiftlint.yml */,
			);
			path = Toronto311;
			sourceTree = "<group>";
		};
		4C7DC50D2186B5F800F72BDC /* Extensions */ = {
			isa = PBXGroup;
			children = (
				4C7DC50E2186B60B00F72BDC /* Dictionary.swift */,
				4CBD6C93218AA80E005E6FE6 /* CLLocation.swift */,
				4C28C33A218E9D1C00542A3B /* MKPolyLine.swift */,
				4C077C0B218F573D00C8AFD7 /* MKPolygon.swift */,
				4C077C09218F4B7100C8AFD7 /* MKMap.swift */,
			);
			path = Extensions;
			sourceTree = "<group>";
		};
		4CBD6C80218A9381005E6FE6 /* Frameworks */ = {
			isa = PBXGroup;
			children = (
				4C28C336218D31AF00542A3B /* SWXMLHash.framework */,
				980C343EB391F94712ABD384 /* Pods_Toronto311.framework */,
			);
			name = Frameworks;
			sourceTree = "<group>";
		};
		4CBD6C95218AA862005E6FE6 /* Models */ = {
			isa = PBXGroup;
			children = (
				4C7DC5102187DE6A00F72BDC /* FireStation.swift */,
				4C7DC5142187F85A00F72BDC /* ServiceRequest.swift */,
				4C4F80A22189603A00EBD4DE /* ServiceType.swift */,
				4C7DC51621880D5300F72BDC /* ServiceCodes.swift */,
				4C28C33C218EA1CB00542A3B /* Ward.swift */,
				4C80AE252192A198006DF2D6 /* Model.xcdatamodeld */,
			);
			path = Models;
			sourceTree = "<group>";
		};
/* End PBXGroup section */

/* Begin PBXNativeTarget section */
		4C7DC4F52186A13400F72BDC /* Toronto311 */ = {
			isa = PBXNativeTarget;
			buildConfigurationList = 4C7DC5082186A13500F72BDC /* Build configuration list for PBXNativeTarget "Toronto311" */;
			buildPhases = (
				13CCAB1DA31E30C2866294BA /* [CP] Check Pods Manifest.lock */,
				4C7DC4F22186A13400F72BDC /* Sources */,
				4C7DC4F32186A13400F72BDC /* Frameworks */,
				4C7DC4F42186A13400F72BDC /* Resources */,
				4C4F809C21893C0000EBD4DE /* Swiftlint */,
				4CBD6C83218A93EA005E6FE6 /* Carthage */,
				30E0A389376B7E9116A6522C /* [CP] Embed Pods Frameworks */,
			);
			buildRules = (
			);
			dependencies = (
			);
			name = Toronto311;
			productName = Toronto311;
			productReference = 4C7DC4F62186A13400F72BDC /* Toronto311.app */;
			productType = "com.apple.product-type.application";
		};
/* End PBXNativeTarget section */

/* Begin PBXProject section */
		4C7DC4EE2186A13400F72BDC /* Project object */ = {
			isa = PBXProject;
			attributes = {
				LastSwiftUpdateCheck = 1000;
				LastUpgradeCheck = 1000;
				ORGANIZATIONNAME = "Daniel Krofchick";
				TargetAttributes = {
					4C7DC4F52186A13400F72BDC = {
						CreatedOnToolsVersion = 10.0;
					};
				};
			};
			buildConfigurationList = 4C7DC4F12186A13400F72BDC /* Build configuration list for PBXProject "Toronto311" */;
			compatibilityVersion = "Xcode 9.3";
			developmentRegion = en;
			hasScannedForEncodings = 0;
			knownRegions = (
				en,
				Base,
			);
			mainGroup = 4C7DC4ED2186A13400F72BDC;
			productRefGroup = 4C7DC4F72186A13400F72BDC /* Products */;
			projectDirPath = "";
			projectRoot = "";
			targets = (
				4C7DC4F52186A13400F72BDC /* Toronto311 */,
			);
		};
/* End PBXProject section */

/* Begin PBXResourcesBuildPhase section */
		4C7DC4F42186A13400F72BDC /* Resources */ = {
			isa = PBXResourcesBuildPhase;
			buildActionMask = 2147483647;
			files = (
				4CBD6C91218AA254005E6FE6 /* .swiftlint.yml in Resources */,
				4CBD6C8D218AA19D005E6FE6 /* Cartfile in Resources */,
				4C7DC5042186A13400F72BDC /* LaunchScreen.storyboard in Resources */,
				4C7DC5012186A13400F72BDC /* Assets.xcassets in Resources */,
				4CBD6C7F218A90D2005E6FE6 /* .gitignore in Resources */,
				4C28C339218D3D0A00542A3B /* Podfile in Resources */,
				4C7DC4FF2186A13400F72BDC /* Main.storyboard in Resources */,
			);
			runOnlyForDeploymentPostprocessing = 0;
		};
/* End PBXResourcesBuildPhase section */

/* Begin PBXShellScriptBuildPhase section */
		13CCAB1DA31E30C2866294BA /* [CP] Check Pods Manifest.lock */ = {
			isa = PBXShellScriptBuildPhase;
			buildActionMask = 2147483647;
			files = (
			);
			inputFileListPaths = (
			);
			inputPaths = (
				"${PODS_PODFILE_DIR_PATH}/Podfile.lock",
				"${PODS_ROOT}/Manifest.lock",
			);
			name = "[CP] Check Pods Manifest.lock";
			outputFileListPaths = (
			);
			outputPaths = (
				"$(DERIVED_FILE_DIR)/Pods-Toronto311-checkManifestLockResult.txt",
			);
			runOnlyForDeploymentPostprocessing = 0;
			shellPath = /bin/sh;
			shellScript = "diff \"${PODS_PODFILE_DIR_PATH}/Podfile.lock\" \"${PODS_ROOT}/Manifest.lock\" > /dev/null\nif [ $? != 0 ] ; then\n    # print error to STDERR\n    echo \"error: The sandbox is not in sync with the Podfile.lock. Run 'pod install' or update your CocoaPods installation.\" >&2\n    exit 1\nfi\n# This output is used by Xcode 'outputs' to avoid re-running this script phase.\necho \"SUCCESS\" > \"${SCRIPT_OUTPUT_FILE_0}\"\n";
			showEnvVarsInLog = 0;
		};
		30E0A389376B7E9116A6522C /* [CP] Embed Pods Frameworks */ = {
			isa = PBXShellScriptBuildPhase;
			buildActionMask = 2147483647;
			files = (
			);
			inputFileListPaths = (
			);
			inputPaths = (
				"${SRCROOT}/Pods/Target Support Files/Pods-Toronto311/Pods-Toronto311-frameworks.sh",
				"${BUILT_PRODUCTS_DIR}/GEOSwift/GEOSwift.framework",
				"${BUILT_PRODUCTS_DIR}/geos/geos.framework",
			);
			name = "[CP] Embed Pods Frameworks";
			outputFileListPaths = (
			);
			outputPaths = (
				"${TARGET_BUILD_DIR}/${FRAMEWORKS_FOLDER_PATH}/GEOSwift.framework",
				"${TARGET_BUILD_DIR}/${FRAMEWORKS_FOLDER_PATH}/geos.framework",
			);
			runOnlyForDeploymentPostprocessing = 0;
			shellPath = /bin/sh;
			shellScript = "\"${SRCROOT}/Pods/Target Support Files/Pods-Toronto311/Pods-Toronto311-frameworks.sh\"\n";
			showEnvVarsInLog = 0;
		};
		4C4F809C21893C0000EBD4DE /* Swiftlint */ = {
			isa = PBXShellScriptBuildPhase;
			buildActionMask = 2147483647;
			files = (
			);
			inputFileListPaths = (
			);
			inputPaths = (
			);
			name = Swiftlint;
			outputFileListPaths = (
			);
			outputPaths = (
			);
			runOnlyForDeploymentPostprocessing = 0;
			shellPath = /bin/sh;
			shellScript = "if which swiftlint >/dev/null; then\n    swiftlint\nelse\n    echo \"warning: SwiftLint not installed, download from https://github.com/realm/SwiftLint\"\nfi\n";
		};
		4CBD6C83218A93EA005E6FE6 /* Carthage */ = {
			isa = PBXShellScriptBuildPhase;
			buildActionMask = 2147483647;
			files = (
			);
			inputFileListPaths = (
			);
			inputPaths = (
				"$(SRCROOT)/Carthage/Build/iOS/SWXMLHash.framework",
			);
			name = Carthage;
			outputFileListPaths = (
			);
			outputPaths = (
				"$(BUILT_PRODUCTS_DIR)/$(FRAMEWORKS_FOLDER_PATH)/SWXMLHash.framework",
			);
			runOnlyForDeploymentPostprocessing = 0;
			shellPath = /bin/sh;
			shellScript = "/usr/local/bin/carthage copy-frameworks\n";
		};
/* End PBXShellScriptBuildPhase section */

/* Begin PBXSourcesBuildPhase section */
		4C7DC4F22186A13400F72BDC /* Sources */ = {
			isa = PBXSourcesBuildPhase;
			buildActionMask = 2147483647;
			files = (
				4C7DC5152187F85A00F72BDC /* ServiceRequest.swift in Sources */,
				4C7DC4FC2186A13400F72BDC /* ViewController.swift in Sources */,
				4C80AE272192A198006DF2D6 /* Model.xcdatamodeld in Sources */,
				4C7DC50F2186B60B00F72BDC /* Dictionary.swift in Sources */,
				4C28C33D218EA1CB00542A3B /* Ward.swift in Sources */,
				4C077C0C218F573D00C8AFD7 /* MKPolygon.swift in Sources */,
				4C28C33B218E9D1C00542A3B /* MKPolyLine.swift in Sources */,
				4C7DC5112187DE6A00F72BDC /* FireStation.swift in Sources */,
				4C7DC51721880D5300F72BDC /* ServiceCodes.swift in Sources */,
				4C077C0A218F4B7100C8AFD7 /* MKMap.swift in Sources */,
				4CBD6C94218AA80E005E6FE6 /* CLLocation.swift in Sources */,
				4C7DC5132187E04700F72BDC /* DataImporter.swift in Sources */,
				4C80AE292192A521006DF2D6 /* DataController.swift in Sources */,
				4C7DC50C2186A16200F72BDC /* API.swift in Sources */,
				4C7DC4FA2186A13400F72BDC /* AppDelegate.swift in Sources */,
				4C4F80A32189603A00EBD4DE /* ServiceType.swift in Sources */,
			);
			runOnlyForDeploymentPostprocessing = 0;
		};
/* End PBXSourcesBuildPhase section */

/* Begin PBXVariantGroup section */
		4C7DC4FD2186A13400F72BDC /* Main.storyboard */ = {
			isa = PBXVariantGroup;
			children = (
				4C7DC4FE2186A13400F72BDC /* Base */,
			);
			name = Main.storyboard;
			sourceTree = "<group>";
		};
		4C7DC5022186A13400F72BDC /* LaunchScreen.storyboard */ = {
			isa = PBXVariantGroup;
			children = (
				4C7DC5032186A13400F72BDC /* Base */,
			);
			name = LaunchScreen.storyboard;
			sourceTree = "<group>";
		};
/* End PBXVariantGroup section */

/* Begin XCBuildConfiguration section */
		4C7DC5062186A13500F72BDC /* Debug */ = {
			isa = XCBuildConfiguration;
			buildSettings = {
				ALWAYS_SEARCH_USER_PATHS = NO;
				CLANG_ANALYZER_NONNULL = YES;
				CLANG_ANALYZER_NUMBER_OBJECT_CONVERSION = YES_AGGRESSIVE;
				CLANG_CXX_LANGUAGE_STANDARD = "gnu++14";
				CLANG_CXX_LIBRARY = "libc++";
				CLANG_ENABLE_MODULES = YES;
				CLANG_ENABLE_OBJC_ARC = YES;
				CLANG_ENABLE_OBJC_WEAK = YES;
				CLANG_WARN_BLOCK_CAPTURE_AUTORELEASING = YES;
				CLANG_WARN_BOOL_CONVERSION = YES;
				CLANG_WARN_COMMA = YES;
				CLANG_WARN_CONSTANT_CONVERSION = YES;
				CLANG_WARN_DEPRECATED_OBJC_IMPLEMENTATIONS = YES;
				CLANG_WARN_DIRECT_OBJC_ISA_USAGE = YES_ERROR;
				CLANG_WARN_DOCUMENTATION_COMMENTS = YES;
				CLANG_WARN_EMPTY_BODY = YES;
				CLANG_WARN_ENUM_CONVERSION = YES;
				CLANG_WARN_INFINITE_RECURSION = YES;
				CLANG_WARN_INT_CONVERSION = YES;
				CLANG_WARN_NON_LITERAL_NULL_CONVERSION = YES;
				CLANG_WARN_OBJC_IMPLICIT_RETAIN_SELF = YES;
				CLANG_WARN_OBJC_LITERAL_CONVERSION = YES;
				CLANG_WARN_OBJC_ROOT_CLASS = YES_ERROR;
				CLANG_WARN_RANGE_LOOP_ANALYSIS = YES;
				CLANG_WARN_STRICT_PROTOTYPES = YES;
				CLANG_WARN_SUSPICIOUS_MOVE = YES;
				CLANG_WARN_UNGUARDED_AVAILABILITY = YES_AGGRESSIVE;
				CLANG_WARN_UNREACHABLE_CODE = YES;
				CLANG_WARN__DUPLICATE_METHOD_MATCH = YES;
				CODE_SIGN_IDENTITY = "iPhone Developer";
				COPY_PHASE_STRIP = NO;
				DEBUG_INFORMATION_FORMAT = dwarf;
				ENABLE_STRICT_OBJC_MSGSEND = YES;
				ENABLE_TESTABILITY = YES;
				GCC_C_LANGUAGE_STANDARD = gnu11;
				GCC_DYNAMIC_NO_PIC = NO;
				GCC_NO_COMMON_BLOCKS = YES;
				GCC_OPTIMIZATION_LEVEL = 0;
				GCC_PREPROCESSOR_DEFINITIONS = (
					"DEBUG=1",
					"$(inherited)",
				);
				GCC_WARN_64_TO_32_BIT_CONVERSION = YES;
				GCC_WARN_ABOUT_RETURN_TYPE = YES_ERROR;
				GCC_WARN_UNDECLARED_SELECTOR = YES;
				GCC_WARN_UNINITIALIZED_AUTOS = YES_AGGRESSIVE;
				GCC_WARN_UNUSED_FUNCTION = YES;
				GCC_WARN_UNUSED_VARIABLE = YES;
				IPHONEOS_DEPLOYMENT_TARGET = 12.0;
				MTL_ENABLE_DEBUG_INFO = INCLUDE_SOURCE;
				MTL_FAST_MATH = YES;
				ONLY_ACTIVE_ARCH = YES;
				OTHER_SWIFT_FLAGS = "-Xfrontend -warn-long-function-bodies=200 -Xfrontend -warn-long-expression-type-checking=200";
				SDKROOT = iphoneos;
				SWIFT_ACTIVE_COMPILATION_CONDITIONS = DEBUG;
				SWIFT_OPTIMIZATION_LEVEL = "-Onone";
			};
			name = Debug;
		};
		4C7DC5072186A13500F72BDC /* Release */ = {
			isa = XCBuildConfiguration;
			buildSettings = {
				ALWAYS_SEARCH_USER_PATHS = NO;
				CLANG_ANALYZER_NONNULL = YES;
				CLANG_ANALYZER_NUMBER_OBJECT_CONVERSION = YES_AGGRESSIVE;
				CLANG_CXX_LANGUAGE_STANDARD = "gnu++14";
				CLANG_CXX_LIBRARY = "libc++";
				CLANG_ENABLE_MODULES = YES;
				CLANG_ENABLE_OBJC_ARC = YES;
				CLANG_ENABLE_OBJC_WEAK = YES;
				CLANG_WARN_BLOCK_CAPTURE_AUTORELEASING = YES;
				CLANG_WARN_BOOL_CONVERSION = YES;
				CLANG_WARN_COMMA = YES;
				CLANG_WARN_CONSTANT_CONVERSION = YES;
				CLANG_WARN_DEPRECATED_OBJC_IMPLEMENTATIONS = YES;
				CLANG_WARN_DIRECT_OBJC_ISA_USAGE = YES_ERROR;
				CLANG_WARN_DOCUMENTATION_COMMENTS = YES;
				CLANG_WARN_EMPTY_BODY = YES;
				CLANG_WARN_ENUM_CONVERSION = YES;
				CLANG_WARN_INFINITE_RECURSION = YES;
				CLANG_WARN_INT_CONVERSION = YES;
				CLANG_WARN_NON_LITERAL_NULL_CONVERSION = YES;
				CLANG_WARN_OBJC_IMPLICIT_RETAIN_SELF = YES;
				CLANG_WARN_OBJC_LITERAL_CONVERSION = YES;
				CLANG_WARN_OBJC_ROOT_CLASS = YES_ERROR;
				CLANG_WARN_RANGE_LOOP_ANALYSIS = YES;
				CLANG_WARN_STRICT_PROTOTYPES = YES;
				CLANG_WARN_SUSPICIOUS_MOVE = YES;
				CLANG_WARN_UNGUARDED_AVAILABILITY = YES_AGGRESSIVE;
				CLANG_WARN_UNREACHABLE_CODE = YES;
				CLANG_WARN__DUPLICATE_METHOD_MATCH = YES;
				CODE_SIGN_IDENTITY = "iPhone Developer";
				COPY_PHASE_STRIP = NO;
				DEBUG_INFORMATION_FORMAT = "dwarf-with-dsym";
				ENABLE_NS_ASSERTIONS = NO;
				ENABLE_STRICT_OBJC_MSGSEND = YES;
				GCC_C_LANGUAGE_STANDARD = gnu11;
				GCC_NO_COMMON_BLOCKS = YES;
				GCC_WARN_64_TO_32_BIT_CONVERSION = YES;
				GCC_WARN_ABOUT_RETURN_TYPE = YES_ERROR;
				GCC_WARN_UNDECLARED_SELECTOR = YES;
				GCC_WARN_UNINITIALIZED_AUTOS = YES_AGGRESSIVE;
				GCC_WARN_UNUSED_FUNCTION = YES;
				GCC_WARN_UNUSED_VARIABLE = YES;
				IPHONEOS_DEPLOYMENT_TARGET = 12.0;
				MTL_ENABLE_DEBUG_INFO = NO;
				MTL_FAST_MATH = YES;
				OTHER_SWIFT_FLAGS = "-Xfrontend -warn-long-function-bodies=200 -Xfrontend -warn-long-expression-type-checking=200";
				SDKROOT = iphoneos;
				SWIFT_COMPILATION_MODE = wholemodule;
				SWIFT_OPTIMIZATION_LEVEL = "-O";
				VALIDATE_PRODUCT = YES;
			};
			name = Release;
		};
		4C7DC5092186A13500F72BDC /* Debug */ = {
			isa = XCBuildConfiguration;
			baseConfigurationReference = 938412E85F8F9B59B673DF17 /* Pods-Toronto311.debug.xcconfig */;
			buildSettings = {
				ASSETCATALOG_COMPILER_APPICON_NAME = AppIcon;
				CODE_SIGN_STYLE = Automatic;
				DEVELOPMENT_TEAM = BK55QC3VGH;
				FRAMEWORK_SEARCH_PATHS = (
					"$(inherited)",
					"$(PROJECT_DIR)/Carthage/Build/iOS",
				);
				INFOPLIST_FILE = Toronto311/Info.plist;
				LD_RUNPATH_SEARCH_PATHS = (
					"$(inherited)",
					"@executable_path/Frameworks",
				);
				PRODUCT_BUNDLE_IDENTIFIER = com.krofchick.Toronto311;
				PRODUCT_NAME = "$(TARGET_NAME)";
				SWIFT_VERSION = 4.2;
				TARGETED_DEVICE_FAMILY = "1,2";
			};
			name = Debug;
		};
		4C7DC50A2186A13500F72BDC /* Release */ = {
			isa = XCBuildConfiguration;
			baseConfigurationReference = E9B3A5801A3E242C550F66F6 /* Pods-Toronto311.release.xcconfig */;
			buildSettings = {
				ASSETCATALOG_COMPILER_APPICON_NAME = AppIcon;
				CODE_SIGN_STYLE = Automatic;
				DEVELOPMENT_TEAM = BK55QC3VGH;
				FRAMEWORK_SEARCH_PATHS = (
					"$(inherited)",
					"$(PROJECT_DIR)/Carthage/Build/iOS",
				);
				INFOPLIST_FILE = Toronto311/Info.plist;
				LD_RUNPATH_SEARCH_PATHS = (
					"$(inherited)",
					"@executable_path/Frameworks",
				);
				PRODUCT_BUNDLE_IDENTIFIER = com.krofchick.Toronto311;
				PRODUCT_NAME = "$(TARGET_NAME)";
				SWIFT_VERSION = 4.2;
				TARGETED_DEVICE_FAMILY = "1,2";
			};
			name = Release;
		};
/* End XCBuildConfiguration section */

/* Begin XCConfigurationList section */
		4C7DC4F12186A13400F72BDC /* Build configuration list for PBXProject "Toronto311" */ = {
			isa = XCConfigurationList;
			buildConfigurations = (
				4C7DC5062186A13500F72BDC /* Debug */,
				4C7DC5072186A13500F72BDC /* Release */,
			);
			defaultConfigurationIsVisible = 0;
			defaultConfigurationName = Release;
		};
		4C7DC5082186A13500F72BDC /* Build configuration list for PBXNativeTarget "Toronto311" */ = {
			isa = XCConfigurationList;
			buildConfigurations = (
				4C7DC5092186A13500F72BDC /* Debug */,
				4C7DC50A2186A13500F72BDC /* Release */,
			);
			defaultConfigurationIsVisible = 0;
			defaultConfigurationName = Release;
		};
/* End XCConfigurationList section */

/* Begin XCVersionGroup section */
		4C80AE252192A198006DF2D6 /* Model.xcdatamodeld */ = {
			isa = XCVersionGroup;
			children = (
				4C80AE262192A198006DF2D6 /* Ward.xcdatamodel */,
			);
			currentVersion = 4C80AE262192A198006DF2D6 /* Ward.xcdatamodel */;
			path = Model.xcdatamodeld;
			sourceTree = "<group>";
			versionGroupType = wrapper.xcdatamodel;
		};
/* End XCVersionGroup section */
	};
	rootObject = 4C7DC4EE2186A13400F72BDC /* Project object */;
}
